
Microsoft Visual Studio Solution File, Format Version 12.00
# Visual Studio Version 17
VisualStudioVersion = 17.2.32526.322
MinimumVisualStudioVersion = 10.0.40219.1
Project("{FAE04EC0-301F-11D3-BF4B-00C04F79EFBC}") = "MethodExercise", "MethodExercise\MethodExercise.csproj", "{A16AB547-B2A1-4312-97AF-17D793C76EE1}"
EndProject
Global
	GlobalSection(SolutionConfigurationPlatforms) = preSolution
		Debug|Any CPU = Debug|Any CPU
		Release|Any CPU = Release|Any CPU
	EndGlobalSection
	GlobalSection(ProjectConfigurationPlatforms) = postSolution
		{A16AB547-B2A1-4312-97AF-17D793C76EE1}.Debug|Any CPU.ActiveCfg = Debug|Any CPU
		{A16AB547-B2A1-4312-97AF-17D793C76EE1}.Debug|Any CPU.Build.0 = Debug|Any CPU
		{A16AB547-B2A1-4312-97AF-17D793C76EE1}.Release|Any CPU.ActiveCfg = Release|Any CPU
		{A16AB547-B2A1-4312-97AF-17D793C76EE1}.Release|Any CPU.Build.0 = Release|Any CPU
	EndGlobalSection
	GlobalSection(SolutionProperties) = preSolution
		HideSolutionNode = FALSE
	EndGlobalSection
	GlobalSection(ExtensibilityGlobals) = postSolution
		SolutionGuid = {DD29CD6E-4230-4F7A-A03E-6866B726BEC3}
	EndGlobalSection
EndGlobal
